// !$*UTF8*$!
{
	archiveVersion = 1;
	classes = {
	};
	objectVersion = 56;
	objects = {

/* Begin PBXBuildFile section */
		27EA4EA22B8C0B460027F19E /* Loginpage.swift in Sources */ = {isa = PBXBuildFile; fileRef = 27EA4EA12B8C0B460027F19E /* Loginpage.swift */; };
		6F3818AA2BFFE46C009109EA /* PostManager.swift in Sources */ = {isa = PBXBuildFile; fileRef = 6F3818A92BFFE46C009109EA /* PostManager.swift */; };
		6F7FDC972BB93407004170AC /* SettingsView.swift in Sources */ = {isa = PBXBuildFile; fileRef = 6F7FDC962BB93407004170AC /* SettingsView.swift */; };
		6F8615CC2B8D8DE9005B2603 /* CoreData.framework in Frameworks */ = {isa = PBXBuildFile; fileRef = 6F8615CB2B8D8DE9005B2603 /* CoreData.framework */; };
		6F962CD02B8969FB00C52234 /* fitness_appApp.swift in Sources */ = {isa = PBXBuildFile; fileRef = 6F962CCF2B8969FB00C52234 /* fitness_appApp.swift */; };
		6F962CD22B8969FB00C52234 /* ContentView.swift in Sources */ = {isa = PBXBuildFile; fileRef = 6F962CD12B8969FB00C52234 /* ContentView.swift */; };
		6F962CD42B8969FE00C52234 /* Assets.xcassets in Resources */ = {isa = PBXBuildFile; fileRef = 6F962CD32B8969FE00C52234 /* Assets.xcassets */; };
		6F962CD72B8969FE00C52234 /* Preview Assets.xcassets in Resources */ = {isa = PBXBuildFile; fileRef = 6F962CD62B8969FE00C52234 /* Preview Assets.xcassets */; };
		6F962CDE2B896A7600C52234 /* ProfileView.swift in Sources */ = {isa = PBXBuildFile; fileRef = 6F962CDD2B896A7600C52234 /* ProfileView.swift */; };
		6F962CE02B896A9500C52234 /* ImagePicker.swift in Sources */ = {isa = PBXBuildFile; fileRef = 6F962CDF2B896A9400C52234 /* ImagePicker.swift */; };
		6F962CE22B896AB900C52234 /* ImageChooser.swift in Sources */ = {isa = PBXBuildFile; fileRef = 6F962CE12B896AB900C52234 /* ImageChooser.swift */; };
		6FB9B0D62BC62BEA00072477 /* GoogleService-Info.plist in Resources */ = {isa = PBXBuildFile; fileRef = 6FB9B0D52BC62BEA00072477 /* GoogleService-Info.plist */; };
		6FD608782BB3B014002ED034 /* SignupView.swift in Sources */ = {isa = PBXBuildFile; fileRef = 6FD608772BB3B014002ED034 /* SignupView.swift */; };
		6FD6087D2BB4155D002ED034 /* FirebaseAnalytics in Frameworks */ = {isa = PBXBuildFile; productRef = 6FD6087C2BB4155D002ED034 /* FirebaseAnalytics */; };
		6FD6087F2BB4155D002ED034 /* FirebaseAnalyticsSwift in Frameworks */ = {isa = PBXBuildFile; productRef = 6FD6087E2BB4155D002ED034 /* FirebaseAnalyticsSwift */; };
		6FD608812BB41982002ED034 /* FirebaseAuth in Frameworks */ = {isa = PBXBuildFile; productRef = 6FD608802BB41982002ED034 /* FirebaseAuth */; };
		6FD608842BB41B02002ED034 /* AuthenticationManager.swift in Sources */ = {isa = PBXBuildFile; fileRef = 6FD608832BB41B02002ED034 /* AuthenticationManager.swift */; };
		8C1F3FD82BD1FFE6002C1465 /* FirebaseFirestoreSwift in Frameworks */ = {isa = PBXBuildFile; productRef = 8C1F3FD72BD1FFE6002C1465 /* FirebaseFirestoreSwift */; };
		8C1F3FDA2BD1FFED002C1465 /* FirebaseFirestore in Frameworks */ = {isa = PBXBuildFile; productRef = 8C1F3FD92BD1FFED002C1465 /* FirebaseFirestore */; };
		8C1F3FDD2BD20114002C1465 /* SettingsViewModel.swift in Sources */ = {isa = PBXBuildFile; fileRef = 8C1F3FDC2BD20114002C1465 /* SettingsViewModel.swift */; };
		8CAD9A6E2BD303F900CDC07C /* UserManager.swift in Sources */ = {isa = PBXBuildFile; fileRef = 8CAD9A6D2BD303F900CDC07C /* UserManager.swift */; };
		A914E2302BFED23B001116AF /* Forum.swift in Sources */ = {isa = PBXBuildFile; fileRef = A914E22F2BFED23B001116AF /* Forum.swift */; };
/* End PBXBuildFile section */

/* Begin PBXFileReference section */
		27EA4EA12B8C0B460027F19E /* Loginpage.swift */ = {isa = PBXFileReference; lastKnownFileType = sourcecode.swift; path = Loginpage.swift; sourceTree = "<group>"; };
		6F3818A92BFFE46C009109EA /* PostManager.swift */ = {isa = PBXFileReference; lastKnownFileType = sourcecode.swift; path = PostManager.swift; sourceTree = "<group>"; };
		6F7FDC962BB93407004170AC /* SettingsView.swift */ = {isa = PBXFileReference; lastKnownFileType = sourcecode.swift; path = SettingsView.swift; sourceTree = "<group>"; };
		6F8615CB2B8D8DE9005B2603 /* CoreData.framework */ = {isa = PBXFileReference; lastKnownFileType = wrapper.framework; name = CoreData.framework; path = System/Library/Frameworks/CoreData.framework; sourceTree = SDKROOT; };
		6F962CCC2B8969FB00C52234 /* fitnessapp.app */ = {isa = PBXFileReference; explicitFileType = wrapper.application; includeInIndex = 0; path = fitnessapp.app; sourceTree = BUILT_PRODUCTS_DIR; };
		6F962CCF2B8969FB00C52234 /* fitness_appApp.swift */ = {isa = PBXFileReference; lastKnownFileType = sourcecode.swift; path = fitness_appApp.swift; sourceTree = "<group>"; };
		6F962CD12B8969FB00C52234 /* ContentView.swift */ = {isa = PBXFileReference; lastKnownFileType = sourcecode.swift; path = ContentView.swift; sourceTree = "<group>"; };
		6F962CD32B8969FE00C52234 /* Assets.xcassets */ = {isa = PBXFileReference; lastKnownFileType = folder.assetcatalog; path = Assets.xcassets; sourceTree = "<group>"; };
		6F962CD62B8969FE00C52234 /* Preview Assets.xcassets */ = {isa = PBXFileReference; lastKnownFileType = folder.assetcatalog; path = "Preview Assets.xcassets"; sourceTree = "<group>"; };
		6F962CDD2B896A7600C52234 /* ProfileView.swift */ = {isa = PBXFileReference; lastKnownFileType = sourcecode.swift; path = ProfileView.swift; sourceTree = "<group>"; };
		6F962CDF2B896A9400C52234 /* ImagePicker.swift */ = {isa = PBXFileReference; lastKnownFileType = sourcecode.swift; path = ImagePicker.swift; sourceTree = "<group>"; };
		6F962CE12B896AB900C52234 /* ImageChooser.swift */ = {isa = PBXFileReference; lastKnownFileType = sourcecode.swift; path = ImageChooser.swift; sourceTree = "<group>"; };
		6FB9B0D52BC62BEA00072477 /* GoogleService-Info.plist */ = {isa = PBXFileReference; fileEncoding = 4; lastKnownFileType = text.plist.xml; path = "GoogleService-Info.plist"; sourceTree = "<group>"; };
		6FB9B0D72BCFA4C200072477 /* fitnessapp-Info.plist */ = {isa = PBXFileReference; lastKnownFileType = text.plist; path = "fitnessapp-Info.plist"; sourceTree = "<group>"; };
		6FD608772BB3B014002ED034 /* SignupView.swift */ = {isa = PBXFileReference; lastKnownFileType = sourcecode.swift; path = SignupView.swift; sourceTree = "<group>"; };
		6FD608832BB41B02002ED034 /* AuthenticationManager.swift */ = {isa = PBXFileReference; lastKnownFileType = sourcecode.swift; path = AuthenticationManager.swift; sourceTree = "<group>"; };
		8C1F3FDC2BD20114002C1465 /* SettingsViewModel.swift */ = {isa = PBXFileReference; lastKnownFileType = sourcecode.swift; path = SettingsViewModel.swift; sourceTree = "<group>"; };
		8CAD9A6D2BD303F900CDC07C /* UserManager.swift */ = {isa = PBXFileReference; lastKnownFileType = sourcecode.swift; path = UserManager.swift; sourceTree = "<group>"; };
		A914E22F2BFED23B001116AF /* Forum.swift */ = {isa = PBXFileReference; lastKnownFileType = sourcecode.swift; path = Forum.swift; sourceTree = "<group>"; };
/* End PBXFileReference section */

/* Begin PBXFrameworksBuildPhase section */
		6F962CC92B8969FB00C52234 /* Frameworks */ = {
			isa = PBXFrameworksBuildPhase;
			buildActionMask = 2147483647;
			files = (
				8C1F3FD82BD1FFE6002C1465 /* FirebaseFirestoreSwift in Frameworks */,
				6FD6087F2BB4155D002ED034 /* FirebaseAnalyticsSwift in Frameworks */,
				6FD6087D2BB4155D002ED034 /* FirebaseAnalytics in Frameworks */,
				6F8615CC2B8D8DE9005B2603 /* CoreData.framework in Frameworks */,
				6FD608812BB41982002ED034 /* FirebaseAuth in Frameworks */,
				8C1F3FDA2BD1FFED002C1465 /* FirebaseFirestore in Frameworks */,
			);
			runOnlyForDeploymentPostprocessing = 0;
		};
/* End PBXFrameworksBuildPhase section */

/* Begin PBXGroup section */
		6F8615CA2B8D8DE9005B2603 /* Frameworks */ = {
			isa = PBXGroup;
			children = (
				6F8615CB2B8D8DE9005B2603 /* CoreData.framework */,
			);
			name = Frameworks;
			sourceTree = "<group>";
		};
		6F962CC32B8969FB00C52234 = {
			isa = PBXGroup;
			children = (
				6FB9B0D72BCFA4C200072477 /* fitnessapp-Info.plist */,
				6F962CCE2B8969FB00C52234 /* fitness app */,
				6F962CCD2B8969FB00C52234 /* Products */,
				6F8615CA2B8D8DE9005B2603 /* Frameworks */,
			);
			sourceTree = "<group>";
		};
		6F962CCD2B8969FB00C52234 /* Products */ = {
			isa = PBXGroup;
			children = (
				6F962CCC2B8969FB00C52234 /* fitnessapp.app */,
			);
			name = Products;
			sourceTree = "<group>";
		};
		6F962CCE2B8969FB00C52234 /* fitness app */ = {
			isa = PBXGroup;
			children = (
				6FD608822BB419CE002ED034 /* Authentication */,
				6F962CCF2B8969FB00C52234 /* fitness_appApp.swift */,
				A914E22F2BFED23B001116AF /* Forum.swift */,
				6F962CD12B8969FB00C52234 /* ContentView.swift */,
				6F962CDD2B896A7600C52234 /* ProfileView.swift */,
				6F962CE12B896AB900C52234 /* ImageChooser.swift */,
				8C1F3FDB2BD200C0002C1465 /* Settings */,
				6F962CDF2B896A9400C52234 /* ImagePicker.swift */,
				6FB9B0D52BC62BEA00072477 /* GoogleService-Info.plist */,
				6F962CD32B8969FE00C52234 /* Assets.xcassets */,
				6F962CD52B8969FE00C52234 /* Preview Content */,
			);
			path = "fitness app";
			sourceTree = "<group>";
		};
		6F962CD52B8969FE00C52234 /* Preview Content */ = {
			isa = PBXGroup;
			children = (
				6F962CD62B8969FE00C52234 /* Preview Assets.xcassets */,
			);
			path = "Preview Content";
			sourceTree = "<group>";
		};
		6FD608822BB419CE002ED034 /* Authentication */ = {
			isa = PBXGroup;
			children = (
				27EA4EA12B8C0B460027F19E /* Loginpage.swift */,
				6FD608772BB3B014002ED034 /* SignupView.swift */,
				6FD608832BB41B02002ED034 /* AuthenticationManager.swift */,
				8CAD9A6C2BD303DD00CDC07C /* Firestore */,
			);
			path = Authentication;
			sourceTree = "<group>";
		};
		8C1F3FDB2BD200C0002C1465 /* Settings */ = {
			isa = PBXGroup;
			children = (
				6F7FDC962BB93407004170AC /* SettingsView.swift */,
				8C1F3FDC2BD20114002C1465 /* SettingsViewModel.swift */,
			);
			path = Settings;
			sourceTree = "<group>";
		};
		8CAD9A6C2BD303DD00CDC07C /* Firestore */ = {
			isa = PBXGroup;
			children = (
				8CAD9A6D2BD303F900CDC07C /* UserManager.swift */,
				6F3818A92BFFE46C009109EA /* PostManager.swift */,
			);
			path = Firestore;
			sourceTree = "<group>";
		};
/* End PBXGroup section */

/* Begin PBXNativeTarget section */
		6F962CCB2B8969FB00C52234 /* fitnessapp */ = {
			isa = PBXNativeTarget;
			buildConfigurationList = 6F962CDA2B8969FE00C52234 /* Build configuration list for PBXNativeTarget "fitnessapp" */;
			buildPhases = (
				6F962CC82B8969FB00C52234 /* Sources */,
				6F962CC92B8969FB00C52234 /* Frameworks */,
				6F962CCA2B8969FB00C52234 /* Resources */,
			);
			buildRules = (
			);
			dependencies = (
			);
			name = fitnessapp;
			packageProductDependencies = (
				6FD6087C2BB4155D002ED034 /* FirebaseAnalytics */,
				6FD6087E2BB4155D002ED034 /* FirebaseAnalyticsSwift */,
				6FD608802BB41982002ED034 /* FirebaseAuth */,
				8C1F3FD72BD1FFE6002C1465 /* FirebaseFirestoreSwift */,
				8C1F3FD92BD1FFED002C1465 /* FirebaseFirestore */,
			);
			productName = "fitness app";
			productReference = 6F962CCC2B8969FB00C52234 /* fitnessapp.app */;
			productType = "com.apple.product-type.application";
		};
/* End PBXNativeTarget section */

/* Begin PBXProject section */
		6F962CC42B8969FB00C52234 /* Project object */ = {
			isa = PBXProject;
			attributes = {
				BuildIndependentTargetsInParallel = 1;
				LastSwiftUpdateCheck = 1520;
				LastUpgradeCheck = 1520;
				TargetAttributes = {
					6F962CCB2B8969FB00C52234 = {
						CreatedOnToolsVersion = 15.2;
					};
				};
			};
			buildConfigurationList = 6F962CC72B8969FB00C52234 /* Build configuration list for PBXProject "fitnessapp" */;
			compatibilityVersion = "Xcode 14.0";
			developmentRegion = en;
			hasScannedForEncodings = 0;
			knownRegions = (
				en,
				Base,
			);
			mainGroup = 6F962CC32B8969FB00C52234;
			packageReferences = (
				6FD6087B2BB4155D002ED034 /* XCRemoteSwiftPackageReference "firebase-ios-sdk" */,
			);
			productRefGroup = 6F962CCD2B8969FB00C52234 /* Products */;
			projectDirPath = "";
			projectRoot = "";
			targets = (
				6F962CCB2B8969FB00C52234 /* fitnessapp */,
			);
		};
/* End PBXProject section */

/* Begin PBXResourcesBuildPhase section */
		6F962CCA2B8969FB00C52234 /* Resources */ = {
			isa = PBXResourcesBuildPhase;
			buildActionMask = 2147483647;
			files = (
				6F962CD72B8969FE00C52234 /* Preview Assets.xcassets in Resources */,
				6FB9B0D62BC62BEA00072477 /* GoogleService-Info.plist in Resources */,
				6F962CD42B8969FE00C52234 /* Assets.xcassets in Resources */,
			);
			runOnlyForDeploymentPostprocessing = 0;
		};
/* End PBXResourcesBuildPhase section */

/* Begin PBXSourcesBuildPhase section */
		6F962CC82B8969FB00C52234 /* Sources */ = {
			isa = PBXSourcesBuildPhase;
			buildActionMask = 2147483647;
			files = (
				6F962CD22B8969FB00C52234 /* ContentView.swift in Sources */,
				6F962CE02B896A9500C52234 /* ImagePicker.swift in Sources */,
				6F962CDE2B896A7600C52234 /* ProfileView.swift in Sources */,
				27EA4EA22B8C0B460027F19E /* Loginpage.swift in Sources */,
				6F7FDC972BB93407004170AC /* SettingsView.swift in Sources */,
				8C1F3FDD2BD20114002C1465 /* SettingsViewModel.swift in Sources */,
				6F962CE22B896AB900C52234 /* ImageChooser.swift in Sources */,
				6F3818AA2BFFE46C009109EA /* PostManager.swift in Sources */,
				6FD608842BB41B02002ED034 /* AuthenticationManager.swift in Sources */,
				6FD608782BB3B014002ED034 /* SignupView.swift in Sources */,
				8CAD9A6E2BD303F900CDC07C /* UserManager.swift in Sources */,
				6F962CD02B8969FB00C52234 /* fitness_appApp.swift in Sources */,
				A914E2302BFED23B001116AF /* Forum.swift in Sources */,
			);
			runOnlyForDeploymentPostprocessing = 0;
		};
/* End PBXSourcesBuildPhase section */

/* Begin XCBuildConfiguration section */
		6F962CD82B8969FE00C52234 /* Debug */ = {
			isa = XCBuildConfiguration;
			buildSettings = {
				ALWAYS_SEARCH_USER_PATHS = NO;
				ASSETCATALOG_COMPILER_GENERATE_SWIFT_ASSET_SYMBOL_EXTENSIONS = YES;
				CLANG_ANALYZER_NONNULL = YES;
				CLANG_ANALYZER_NUMBER_OBJECT_CONVERSION = YES_AGGRESSIVE;
				CLANG_CXX_LANGUAGE_STANDARD = "gnu++20";
				CLANG_ENABLE_MODULES = YES;
				CLANG_ENABLE_OBJC_ARC = YES;
				CLANG_ENABLE_OBJC_WEAK = YES;
				CLANG_WARN_BLOCK_CAPTURE_AUTORELEASING = YES;
				CLANG_WARN_BOOL_CONVERSION = YES;
				CLANG_WARN_COMMA = YES;
				CLANG_WARN_CONSTANT_CONVERSION = YES;
				CLANG_WARN_DEPRECATED_OBJC_IMPLEMENTATIONS = YES;
				CLANG_WARN_DIRECT_OBJC_ISA_USAGE = YES_ERROR;
				CLANG_WARN_DOCUMENTATION_COMMENTS = YES;
				CLANG_WARN_EMPTY_BODY = YES;
				CLANG_WARN_ENUM_CONVERSION = YES;
				CLANG_WARN_INFINITE_RECURSION = YES;
				CLANG_WARN_INT_CONVERSION = YES;
				CLANG_WARN_NON_LITERAL_NULL_CONVERSION = YES;
				CLANG_WARN_OBJC_IMPLICIT_RETAIN_SELF = YES;
				CLANG_WARN_OBJC_LITERAL_CONVERSION = YES;
				CLANG_WARN_OBJC_ROOT_CLASS = YES_ERROR;
				CLANG_WARN_QUOTED_INCLUDE_IN_FRAMEWORK_HEADER = YES;
				CLANG_WARN_RANGE_LOOP_ANALYSIS = YES;
				CLANG_WARN_STRICT_PROTOTYPES = YES;
				CLANG_WARN_SUSPICIOUS_MOVE = YES;
				CLANG_WARN_UNGUARDED_AVAILABILITY = YES_AGGRESSIVE;
				CLANG_WARN_UNREACHABLE_CODE = YES;
				CLANG_WARN__DUPLICATE_METHOD_MATCH = YES;
				COPY_PHASE_STRIP = NO;
				DEBUG_INFORMATION_FORMAT = dwarf;
				ENABLE_STRICT_OBJC_MSGSEND = YES;
				ENABLE_TESTABILITY = YES;
				ENABLE_USER_SCRIPT_SANDBOXING = YES;
				GCC_C_LANGUAGE_STANDARD = gnu17;
				GCC_DYNAMIC_NO_PIC = NO;
				GCC_NO_COMMON_BLOCKS = YES;
				GCC_OPTIMIZATION_LEVEL = 0;
				GCC_PREPROCESSOR_DEFINITIONS = (
					"DEBUG=1",
					"$(inherited)",
				);
				GCC_WARN_64_TO_32_BIT_CONVERSION = YES;
				GCC_WARN_ABOUT_RETURN_TYPE = YES_ERROR;
				GCC_WARN_UNDECLARED_SELECTOR = YES;
				GCC_WARN_UNINITIALIZED_AUTOS = YES_AGGRESSIVE;
				GCC_WARN_UNUSED_FUNCTION = YES;
				GCC_WARN_UNUSED_VARIABLE = YES;
				IPHONEOS_DEPLOYMENT_TARGET = 17.2;
				LOCALIZATION_PREFERS_STRING_CATALOGS = YES;
				MTL_ENABLE_DEBUG_INFO = INCLUDE_SOURCE;
				MTL_FAST_MATH = YES;
				ONLY_ACTIVE_ARCH = YES;
				SDKROOT = iphoneos;
				SWIFT_ACTIVE_COMPILATION_CONDITIONS = "DEBUG $(inherited)";
				SWIFT_OPTIMIZATION_LEVEL = "-Onone";
			};
			name = Debug;
		};
		6F962CD92B8969FE00C52234 /* Release */ = {
			isa = XCBuildConfiguration;
			buildSettings = {
				ALWAYS_SEARCH_USER_PATHS = NO;
				ASSETCATALOG_COMPILER_GENERATE_SWIFT_ASSET_SYMBOL_EXTENSIONS = YES;
				CLANG_ANALYZER_NONNULL = YES;
				CLANG_ANALYZER_NUMBER_OBJECT_CONVERSION = YES_AGGRESSIVE;
				CLANG_CXX_LANGUAGE_STANDARD = "gnu++20";
				CLANG_ENABLE_MODULES = YES;
				CLANG_ENABLE_OBJC_ARC = YES;
				CLANG_ENABLE_OBJC_WEAK = YES;
				CLANG_WARN_BLOCK_CAPTURE_AUTORELEASING = YES;
				CLANG_WARN_BOOL_CONVERSION = YES;
				CLANG_WARN_COMMA = YES;
				CLANG_WARN_CONSTANT_CONVERSION = YES;
				CLANG_WARN_DEPRECATED_OBJC_IMPLEMENTATIONS = YES;
				CLANG_WARN_DIRECT_OBJC_ISA_USAGE = YES_ERROR;
				CLANG_WARN_DOCUMENTATION_COMMENTS = YES;
				CLANG_WARN_EMPTY_BODY = YES;
				CLANG_WARN_ENUM_CONVERSION = YES;
				CLANG_WARN_INFINITE_RECURSION = YES;
				CLANG_WARN_INT_CONVERSION = YES;
				CLANG_WARN_NON_LITERAL_NULL_CONVERSION = YES;
				CLANG_WARN_OBJC_IMPLICIT_RETAIN_SELF = YES;
				CLANG_WARN_OBJC_LITERAL_CONVERSION = YES;
				CLANG_WARN_OBJC_ROOT_CLASS = YES_ERROR;
				CLANG_WARN_QUOTED_INCLUDE_IN_FRAMEWORK_HEADER = YES;
				CLANG_WARN_RANGE_LOOP_ANALYSIS = YES;
				CLANG_WARN_STRICT_PROTOTYPES = YES;
				CLANG_WARN_SUSPICIOUS_MOVE = YES;
				CLANG_WARN_UNGUARDED_AVAILABILITY = YES_AGGRESSIVE;
				CLANG_WARN_UNREACHABLE_CODE = YES;
				CLANG_WARN__DUPLICATE_METHOD_MATCH = YES;
				COPY_PHASE_STRIP = NO;
				DEBUG_INFORMATION_FORMAT = "dwarf-with-dsym";
				ENABLE_NS_ASSERTIONS = NO;
				ENABLE_STRICT_OBJC_MSGSEND = YES;
				ENABLE_USER_SCRIPT_SANDBOXING = YES;
				GCC_C_LANGUAGE_STANDARD = gnu17;
				GCC_NO_COMMON_BLOCKS = YES;
				GCC_WARN_64_TO_32_BIT_CONVERSION = YES;
				GCC_WARN_ABOUT_RETURN_TYPE = YES_ERROR;
				GCC_WARN_UNDECLARED_SELECTOR = YES;
				GCC_WARN_UNINITIALIZED_AUTOS = YES_AGGRESSIVE;
				GCC_WARN_UNUSED_FUNCTION = YES;
				GCC_WARN_UNUSED_VARIABLE = YES;
				IPHONEOS_DEPLOYMENT_TARGET = 17.2;
				LOCALIZATION_PREFERS_STRING_CATALOGS = YES;
				MTL_ENABLE_DEBUG_INFO = NO;
				MTL_FAST_MATH = YES;
				SDKROOT = iphoneos;
				SWIFT_COMPILATION_MODE = wholemodule;
				VALIDATE_PRODUCT = YES;
			};
			name = Release;
		};
		6F962CDB2B8969FE00C52234 /* Debug */ = {
			isa = XCBuildConfiguration;
			buildSettings = {
				ASSETCATALOG_COMPILER_APPICON_NAME = AppIcon;
				ASSETCATALOG_COMPILER_GLOBAL_ACCENT_COLOR_NAME = AccentColor;
				CODE_SIGN_STYLE = Automatic;
				CURRENT_PROJECT_VERSION = 1;
				DEVELOPMENT_ASSET_PATHS = "\"fitness app/Preview Content\"";
				DEVELOPMENT_TEAM = CQP86J9UX9;
				ENABLE_PREVIEWS = YES;
				GENERATE_INFOPLIST_FILE = YES;
				INFOPLIST_FILE = "fitnessapp-Info.plist";
				INFOPLIST_KEY_NSCameraUsageDescription = "this is for camera";
				INFOPLIST_KEY_NSPhotoLibraryUsageDescription = "this is for photo library";
				INFOPLIST_KEY_UIApplicationSceneManifest_Generation = YES;
				INFOPLIST_KEY_UIApplicationSupportsIndirectInputEvents = YES;
				INFOPLIST_KEY_UILaunchScreen_Generation = YES;
				INFOPLIST_KEY_UISupportedInterfaceOrientations_iPad = "UIInterfaceOrientationPortrait UIInterfaceOrientationPortraitUpsideDown UIInterfaceOrientationLandscapeLeft UIInterfaceOrientationLandscapeRight";
				INFOPLIST_KEY_UISupportedInterfaceOrientations_iPhone = "UIInterfaceOrientationPortrait UIInterfaceOrientationLandscapeLeft UIInterfaceOrientationLandscapeRight";
				LD_RUNPATH_SEARCH_PATHS = (
					"$(inherited)",
					"@executable_path/Frameworks",
				);
				MARKETING_VERSION = 1.0;
				PRODUCT_BUNDLE_IDENTIFIER = "com.harris.fitness-app";
				PRODUCT_NAME = "$(TARGET_NAME)";
				SWIFT_EMIT_LOC_STRINGS = YES;
				SWIFT_VERSION = 5.0;
				TARGETED_DEVICE_FAMILY = "1,2";
			};
			name = Debug;
		};
		6F962CDC2B8969FE00C52234 /* Release */ = {
			isa = XCBuildConfiguration;
			buildSettings = {
				ASSETCATALOG_COMPILER_APPICON_NAME = AppIcon;
				ASSETCATALOG_COMPILER_GLOBAL_ACCENT_COLOR_NAME = AccentColor;
				CODE_SIGN_STYLE = Automatic;
				CURRENT_PROJECT_VERSION = 1;
				DEVELOPMENT_ASSET_PATHS = "\"fitness app/Preview Content\"";
				DEVELOPMENT_TEAM = CQP86J9UX9;
				ENABLE_PREVIEWS = YES;
				GENERATE_INFOPLIST_FILE = YES;
				INFOPLIST_FILE = "fitnessapp-Info.plist";
				INFOPLIST_KEY_NSCameraUsageDescription = "this is for camera";
				INFOPLIST_KEY_NSPhotoLibraryUsageDescription = "this is for photo library";
				INFOPLIST_KEY_UIApplicationSceneManifest_Generation = YES;
				INFOPLIST_KEY_UIApplicationSupportsIndirectInputEvents = YES;
				INFOPLIST_KEY_UILaunchScreen_Generation = YES;
				INFOPLIST_KEY_UISupportedInterfaceOrientations_iPad = "UIInterfaceOrientationPortrait UIInterfaceOrientationPortraitUpsideDown UIInterfaceOrientationLandscapeLeft UIInterfaceOrientationLandscapeRight";
				INFOPLIST_KEY_UISupportedInterfaceOrientations_iPhone = "UIInterfaceOrientationPortrait UIInterfaceOrientationLandscapeLeft UIInterfaceOrientationLandscapeRight";
				LD_RUNPATH_SEARCH_PATHS = (
					"$(inherited)",
					"@executable_path/Frameworks",
				);
				MARKETING_VERSION = 1.0;
				PRODUCT_BUNDLE_IDENTIFIER = "com.harris.fitness-app";
				PRODUCT_NAME = "$(TARGET_NAME)";
				SWIFT_EMIT_LOC_STRINGS = YES;
				SWIFT_VERSION = 5.0;
				TARGETED_DEVICE_FAMILY = "1,2";
			};
			name = Release;
		};
/* End XCBuildConfiguration section */

/* Begin XCConfigurationList section */
		6F962CC72B8969FB00C52234 /* Build configuration list for PBXProject "fitnessapp" */ = {
			isa = XCConfigurationList;
			buildConfigurations = (
				6F962CD82B8969FE00C52234 /* Debug */,
				6F962CD92B8969FE00C52234 /* Release */,
			);
			defaultConfigurationIsVisible = 0;
			defaultConfigurationName = Release;
		};
		6F962CDA2B8969FE00C52234 /* Build configuration list for PBXNativeTarget "fitnessapp" */ = {
			isa = XCConfigurationList;
			buildConfigurations = (
				6F962CDB2B8969FE00C52234 /* Debug */,
				6F962CDC2B8969FE00C52234 /* Release */,
			);
			defaultConfigurationIsVisible = 0;
			defaultConfigurationName = Release;
		};
/* End XCConfigurationList section */

/* Begin XCRemoteSwiftPackageReference section */
		6FD6087B2BB4155D002ED034 /* XCRemoteSwiftPackageReference "firebase-ios-sdk" */ = {
			isa = XCRemoteSwiftPackageReference;
			repositoryURL = "https://github.com/firebase/firebase-ios-sdk";
			requirement = {
				kind = upToNextMajorVersion;
				minimumVersion = 10.23.0;
			};
		};
/* End XCRemoteSwiftPackageReference section */

/* Begin XCSwiftPackageProductDependency section */
		6FD6087C2BB4155D002ED034 /* FirebaseAnalytics */ = {
			isa = XCSwiftPackageProductDependency;
			package = 6FD6087B2BB4155D002ED034 /* XCRemoteSwiftPackageReference "firebase-ios-sdk" */;
			productName = FirebaseAnalytics;
		};
		6FD6087E2BB4155D002ED034 /* FirebaseAnalyticsSwift */ = {
			isa = XCSwiftPackageProductDependency;
			package = 6FD6087B2BB4155D002ED034 /* XCRemoteSwiftPackageReference "firebase-ios-sdk" */;
			productName = FirebaseAnalyticsSwift;
		};
		6FD608802BB41982002ED034 /* FirebaseAuth */ = {
			isa = XCSwiftPackageProductDependency;
			package = 6FD6087B2BB4155D002ED034 /* XCRemoteSwiftPackageReference "firebase-ios-sdk" */;
			productName = FirebaseAuth;
		};
		8C1F3FD72BD1FFE6002C1465 /* FirebaseFirestoreSwift */ = {
			isa = XCSwiftPackageProductDependency;
			package = 6FD6087B2BB4155D002ED034 /* XCRemoteSwiftPackageReference "firebase-ios-sdk" */;
			productName = FirebaseFirestoreSwift;
		};
		8C1F3FD92BD1FFED002C1465 /* FirebaseFirestore */ = {
			isa = XCSwiftPackageProductDependency;
			package = 6FD6087B2BB4155D002ED034 /* XCRemoteSwiftPackageReference "firebase-ios-sdk" */;
			productName = FirebaseFirestore;
		};
/* End XCSwiftPackageProductDependency section */
	};
	rootObject = 6F962CC42B8969FB00C52234 /* Project object */;
}
